# THIS IS AN AUTOGENERATED FILE. DO NOT EDIT THIS FILE DIRECTLY.
# yarn lockfile v1


jquery-autosize@^1.18.18:
  version "1.18.18"
  resolved "https://registry.yarnpkg.com/jquery-autosize/-/jquery-autosize-1.18.18.tgz#28fcdfd671cbf3ee661ca484c19ee7aaa65e825a"

jquery@^3.2.1:
  version "3.2.1"
  resolved "https://registry.yarnpkg.com/jquery/-/jquery-3.2.1.tgz#5c4d9de652af6cd0a770154a631bba12b015c787"
